{
  "name": "filelinker",
  "version": "1.0.2",
  "lockfileVersion": 1,
  "requires": true,
  "dependencies": {
    "boostnode": {
      "version": "1.0.7",
      "resolved": "https://registry.npmjs.org/boostnode/-/boostnode-1.0.7.tgz",
      "integrity": "sha512-xVvvVnaxlwHUCtbGWlvROPP0hcbpLNWTiBozSqx3WGVJtIO7qOq0H78L6ByhfwqOz0I0J/jnt9zRK9kh0Im/IA=="
    }
  }
}
